// !$*UTF8*$!
{
	archiveVersion = 1;
	classes = {
	};
	objectVersion = 46;
	objects = {

/* Begin PBXBuildFile section */
		04B0BB1E1BBB8453008DB740 /* Foundation.framework in Frameworks */ = {isa = PBXBuildFile; fileRef = 04B0BB1D1BBB8453008DB740 /* Foundation.framework */; };
		04B0BB201BBB8453008DB740 /* CoreGraphics.framework in Frameworks */ = {isa = PBXBuildFile; fileRef = 04B0BB1F1BBB8453008DB740 /* CoreGraphics.framework */; };
		04B0BB221BBB8453008DB740 /* UIKit.framework in Frameworks */ = {isa = PBXBuildFile; fileRef = 04B0BB211BBB8453008DB740 /* UIKit.framework */; };
		04B0BB281BBB8453008DB740 /* InfoPlist.strings in Resources */ = {isa = PBXBuildFile; fileRef = 04B0BB261BBB8453008DB740 /* InfoPlist.strings */; };
		04B0BB2A1BBB8453008DB740 /* main.m in Sources */ = {isa = PBXBuildFile; fileRef = 04B0BB291BBB8453008DB740 /* main.m */; };
		04B0BB2E1BBB8453008DB740 /* GWAppDelegate.m in Sources */ = {isa = PBXBuildFile; fileRef = 04B0BB2D1BBB8453008DB740 /* GWAppDelegate.m */; };
		04B0BB311BBB8453008DB740 /* Main.storyboard in Resources */ = {isa = PBXBuildFile; fileRef = 04B0BB2F1BBB8453008DB740 /* Main.storyboard */; };
		04B0BB341BBB8453008DB740 /* GWViewController.m in Sources */ = {isa = PBXBuildFile; fileRef = 04B0BB331BBB8453008DB740 /* GWViewController.m */; };
		04B0BB361BBB8454008DB740 /* Images.xcassets in Resources */ = {isa = PBXBuildFile; fileRef = 04B0BB351BBB8454008DB740 /* Images.xcassets */; };
		04B0BB3D1BBB8454008DB740 /* XCTest.framework in Frameworks */ = {isa = PBXBuildFile; fileRef = 04B0BB3C1BBB8454008DB740 /* XCTest.framework */; };
		04B0BB3E1BBB8454008DB740 /* Foundation.framework in Frameworks */ = {isa = PBXBuildFile; fileRef = 04B0BB1D1BBB8453008DB740 /* Foundation.framework */; };
		04B0BB3F1BBB8454008DB740 /* UIKit.framework in Frameworks */ = {isa = PBXBuildFile; fileRef = 04B0BB211BBB8453008DB740 /* UIKit.framework */; };
		04B0BB471BBB8454008DB740 /* InfoPlist.strings in Resources */ = {isa = PBXBuildFile; fileRef = 04B0BB451BBB8454008DB740 /* InfoPlist.strings */; };
		04B0BB491BBB8454008DB740 /* TestfireTests.m in Sources */ = {isa = PBXBuildFile; fileRef = 04B0BB481BBB8454008DB740 /* TestfireTests.m */; };
		04B0BB531BBB891F008DB740 /* 枫叶1.jpg in Resources */ = {isa = PBXBuildFile; fileRef = 04B0BB521BBB891F008DB740 /* 枫叶1.jpg */; };
/* End PBXBuildFile section */

/* Begin PBXContainerItemProxy section */
		04B0BB401BBB8454008DB740 /* PBXContainerItemProxy */ = {
			isa = PBXContainerItemProxy;
			containerPortal = 04B0BB121BBB8453008DB740 /* Project object */;
			proxyType = 1;
			remoteGlobalIDString = 04B0BB191BBB8453008DB740;
			remoteInfo = Testfire;
		};
/* End PBXContainerItemProxy section */

/* Begin PBXFileReference section */
		04B0BB1A1BBB8453008DB740 /* Testfire.app */ = {isa = PBXFileReference; explicitFileType = wrapper.application; includeInIndex = 0; path = Testfire.app; sourceTree = BUILT_PRODUCTS_DIR; };
		04B0BB1D1BBB8453008DB740 /* Foundation.framework */ = {isa = PBXFileReference; lastKnownFileType = wrapper.framework; name = Foundation.framework; path = System/Library/Frameworks/Foundation.framework; sourceTree = SDKROOT; };
		04B0BB1F1BBB8453008DB740 /* CoreGraphics.framework */ = {isa = PBXFileReference; lastKnownFileType = wrapper.framework; name = CoreGraphics.framework; path = System/Library/Frameworks/CoreGraphics.framework; sourceTree = SDKROOT; };
		04B0BB211BBB8453008DB740 /* UIKit.framework */ = {isa = PBXFileReference; lastKnownFileType = wrapper.framework; name = UIKit.framework; path = System/Library/Frameworks/UIKit.framework; sourceTree = SDKROOT; };
		04B0BB251BBB8453008DB740 /* Testfire-Info.plist */ = {isa = PBXFileReference; lastKnownFileType = text.plist.xml; path = "Testfire-Info.plist"; sourceTree = "<group>"; };
		04B0BB271BBB8453008DB740 /* en */ = {isa = PBXFileReference; lastKnownFileType = text.plist.strings; name = en; path = en.lproj/InfoPlist.strings; sourceTree = "<group>"; };
		04B0BB291BBB8453008DB740 /* main.m */ = {isa = PBXFileReference; lastKnownFileType = sourcecode.c.objc; path = main.m; sourceTree = "<group>"; };
		04B0BB2B1BBB8453008DB740 /* Testfire-Prefix.pch */ = {isa = PBXFileReference; lastKnownFileType = sourcecode.c.h; path = "Testfire-Prefix.pch"; sourceTree = "<group>"; };
		04B0BB2C1BBB8453008DB740 /* GWAppDelegate.h */ = {isa = PBXFileReference; lastKnownFileType = sourcecode.c.h; path = GWAppDelegate.h; sourceTree = "<group>"; };
		04B0BB2D1BBB8453008DB740 /* GWAppDelegate.m */ = {isa = PBXFileReference; lastKnownFileType = sourcecode.c.objc; path = GWAppDelegate.m; sourceTree = "<group>"; };
		04B0BB301BBB8453008DB740 /* Base */ = {isa = PBXFileReference; lastKnownFileType = file.storyboard; name = Base; path = Base.lproj/Main.storyboard; sourceTree = "<group>"; };
		04B0BB321BBB8453008DB740 /* GWViewController.h */ = {isa = PBXFileReference; lastKnownFileType = sourcecode.c.h; path = GWViewController.h; sourceTree = "<group>"; };
		04B0BB331BBB8453008DB740 /* GWViewController.m */ = {isa = PBXFileReference; lastKnownFileType = sourcecode.c.objc; path = GWViewController.m; sourceTree = "<group>"; };
		04B0BB351BBB8454008DB740 /* Images.xcassets */ = {isa = PBXFileReference; lastKnownFileType = folder.assetcatalog; path = Images.xcassets; sourceTree = "<group>"; };
		04B0BB3B1BBB8454008DB740 /* TestfireTests.xctest */ = {isa = PBXFileReference; explicitFileType = wrapper.cfbundle; includeInIndex = 0; path = TestfireTests.xctest; sourceTree = BUILT_PRODUCTS_DIR; };
		04B0BB3C1BBB8454008DB740 /* XCTest.framework */ = {isa = PBXFileReference; lastKnownFileType = wrapper.framework; name = XCTest.framework; path = Library/Frameworks/XCTest.framework; sourceTree = DEVELOPER_DIR; };
		04B0BB441BBB8454008DB740 /* TestfireTests-Info.plist */ = {isa = PBXFileReference; lastKnownFileType = text.plist.xml; path = "TestfireTests-Info.plist"; sourceTree = "<group>"; };
		04B0BB461BBB8454008DB740 /* en */ = {isa = PBXFileReference; lastKnownFileType = text.plist.strings; name = en; path = en.lproj/InfoPlist.strings; sourceTree = "<group>"; };
		04B0BB481BBB8454008DB740 /* TestfireTests.m */ = {isa = PBXFileReference; lastKnownFileType = sourcecode.c.objc; path = TestfireTests.m; sourceTree = "<group>"; };
		04B0BB521BBB891F008DB740 /* 枫叶1.jpg */ = {isa = PBXFileReference; lastKnownFileType = image.jpeg; path = "枫叶1.jpg"; sourceTree = "<group>"; };
/* End PBXFileReference section */

/* Begin PBXFrameworksBuildPhase section */
		04B0BB171BBB8453008DB740 /* Frameworks */ = {
			isa = PBXFrameworksBuildPhase;
			buildActionMask = 2147483647;
			files = (
				04B0BB201BBB8453008DB740 /* CoreGraphics.framework in Frameworks */,
				04B0BB221BBB8453008DB740 /* UIKit.framework in Frameworks */,
				04B0BB1E1BBB8453008DB740 /* Foundation.framework in Frameworks */,
			);
			runOnlyForDeploymentPostprocessing = 0;
		};
		04B0BB381BBB8454008DB740 /* Frameworks */ = {
			isa = PBXFrameworksBuildPhase;
			buildActionMask = 2147483647;
			files = (
				04B0BB3D1BBB8454008DB740 /* XCTest.framework in Frameworks */,
				04B0BB3F1BBB8454008DB740 /* UIKit.framework in Frameworks */,
				04B0BB3E1BBB8454008DB740 /* Foundation.framework in Frameworks */,
			);
			runOnlyForDeploymentPostprocessing = 0;
		};
/* End PBXFrameworksBuildPhase section */

/* Begin PBXGroup section */
		04B0BB111BBB8453008DB740 = {
			isa = PBXGroup;
			children = (
				04B0BB231BBB8453008DB740 /* Testfire */,
				04B0BB421BBB8454008DB740 /* TestfireTests */,
				04B0BB1C1BBB8453008DB740 /* Frameworks */,
				04B0BB1B1BBB8453008DB740 /* Products */,
			);
			sourceTree = "<group>";
		};
		04B0BB1B1BBB8453008DB740 /* Products */ = {
			isa = PBXGroup;
			children = (
				04B0BB1A1BBB8453008DB740 /* Testfire.app */,
				04B0BB3B1BBB8454008DB740 /* TestfireTests.xctest */,
			);
			name = Products;
			sourceTree = "<group>";
		};
		04B0BB1C1BBB8453008DB740 /* Frameworks */ = {
			isa = PBXGroup;
			children = (
				04B0BB1D1BBB8453008DB740 /* Foundation.framework */,
				04B0BB1F1BBB8453008DB740 /* CoreGraphics.framework */,
				04B0BB211BBB8453008DB740 /* UIKit.framework */,
				04B0BB3C1BBB8454008DB740 /* XCTest.framework */,
			);
			name = Frameworks;
			sourceTree = "<group>";
		};
		04B0BB231BBB8453008DB740 /* Testfire */ = {
			isa = PBXGroup;
			children = (
				04B0BB2C1BBB8453008DB740 /* GWAppDelegate.h */,
				04B0BB2D1BBB8453008DB740 /* GWAppDelegate.m */,
				04B0BB2F1BBB8453008DB740 /* Main.storyboard */,
				04B0BB321BBB8453008DB740 /* GWViewController.h */,
				04B0BB331BBB8453008DB740 /* GWViewController.m */,
				04B0BB351BBB8454008DB740 /* Images.xcassets */,
				04B0BB241BBB8453008DB740 /* Supporting Files */,
			);
			path = Testfire;
			sourceTree = "<group>";
		};
		04B0BB241BBB8453008DB740 /* Supporting Files */ = {
			isa = PBXGroup;
			children = (
				04B0BB521BBB891F008DB740 /* 枫叶1.jpg */,
				04B0BB251BBB8453008DB740 /* Testfire-Info.plist */,
				04B0BB261BBB8453008DB740 /* InfoPlist.strings */,
				04B0BB291BBB8453008DB740 /* main.m */,
				04B0BB2B1BBB8453008DB740 /* Testfire-Prefix.pch */,
			);
			name = "Supporting Files";
			sourceTree = "<group>";
		};
		04B0BB421BBB8454008DB740 /* TestfireTests */ = {
			isa = PBXGroup;
			children = (
				04B0BB481BBB8454008DB740 /* TestfireTests.m */,
				04B0BB431BBB8454008DB740 /* Supporting Files */,
			);
			path = TestfireTests;
			sourceTree = "<group>";
		};
		04B0BB431BBB8454008DB740 /* Supporting Files */ = {
			isa = PBXGroup;
			children = (
				04B0BB441BBB8454008DB740 /* TestfireTests-Info.plist */,
				04B0BB451BBB8454008DB740 /* InfoPlist.strings */,
			);
			name = "Supporting Files";
			sourceTree = "<group>";
		};
/* End PBXGroup section */

/* Begin PBXNativeTarget section */
		04B0BB191BBB8453008DB740 /* Testfire */ = {
			isa = PBXNativeTarget;
			buildConfigurationList = 04B0BB4C1BBB8454008DB740 /* Build configuration list for PBXNativeTarget "Testfire" */;
			buildPhases = (
				04B0BB161BBB8453008DB740 /* Sources */,
				04B0BB171BBB8453008DB740 /* Frameworks */,
				04B0BB181BBB8453008DB740 /* Resources */,
			);
			buildRules = (
			);
			dependencies = (
			);
			name = Testfire;
			productName = Testfire;
			productReference = 04B0BB1A1BBB8453008DB740 /* Testfire.app */;
			productType = "com.apple.product-type.application";
		};
		04B0BB3A1BBB8454008DB740 /* TestfireTests */ = {
			isa = PBXNativeTarget;
			buildConfigurationList = 04B0BB4F1BBB8454008DB740 /* Build configuration list for PBXNativeTarget "TestfireTests" */;
			buildPhases = (
				04B0BB371BBB8454008DB740 /* Sources */,
				04B0BB381BBB8454008DB740 /* Frameworks */,
				04B0BB391BBB8454008DB740 /* Resources */,
			);
			buildRules = (
			);
			dependencies = (
				04B0BB411BBB8454008DB740 /* PBXTargetDependency */,
			);
			name = TestfireTests;
			productName = TestfireTests;
			productReference = 04B0BB3B1BBB8454008DB740 /* TestfireTests.xctest */;
			productType = "com.apple.product-type.bundle.unit-test";
		};
/* End PBXNativeTarget section */

/* Begin PBXProject section */
		04B0BB121BBB8453008DB740 /* Project object */ = {
			isa = PBXProject;
			attributes = {
				CLASSPREFIX = GW;
				LastUpgradeCheck = 0510;
				ORGANIZATIONNAME = Alibaba;
				TargetAttributes = {
					04B0BB3A1BBB8454008DB740 = {
						TestTargetID = 04B0BB191BBB8453008DB740;
					};
				};
			};
			buildConfigurationList = 04B0BB151BBB8453008DB740 /* Build configuration list for PBXProject "Testfire" */;
			compatibilityVersion = "Xcode 3.2";
			developmentRegion = English;
			hasScannedForEncodings = 0;
			knownRegions = (
				en,
				Base,
			);
			mainGroup = 04B0BB111BBB8453008DB740;
			productRefGroup = 04B0BB1B1BBB8453008DB740 /* Products */;
			projectDirPath = "";
			projectRoot = "";
			targets = (
				04B0BB191BBB8453008DB740 /* Testfire */,
				04B0BB3A1BBB8454008DB740 /* TestfireTests */,
			);
		};
/* End PBXProject section */

/* Begin PBXResourcesBuildPhase section */
		04B0BB181BBB8453008DB740 /* Resources */ = {
			isa = PBXResourcesBuildPhase;
			buildActionMask = 2147483647;
			files = (
				04B0BB531BBB891F008DB740 /* 枫叶1.jpg in Resources */,
				04B0BB361BBB8454008DB740 /* Images.xcassets in Resources */,
				04B0BB281BBB8453008DB740 /* InfoPlist.strings in Resources */,
				04B0BB311BBB8453008DB740 /* Main.storyboard in Resources */,
			);
			runOnlyForDeploymentPostprocessing = 0;
		};
		04B0BB391BBB8454008DB740 /* Resources */ = {
			isa = PBXResourcesBuildPhase;
			buildActionMask = 2147483647;
			files = (
				04B0BB471BBB8454008DB740 /* InfoPlist.strings in Resources */,
			);
			runOnlyForDeploymentPostprocessing = 0;
		};
/* End PBXResourcesBuildPhase section */

/* Begin PBXSourcesBuildPhase section */
		04B0BB161BBB8453008DB740 /* Sources */ = {
			isa = PBXSourcesBuildPhase;
			buildActionMask = 2147483647;
			files = (
				04B0BB2E1BBB8453008DB740 /* GWAppDelegate.m in Sources */,
				04B0BB341BBB8453008DB740 /* GWViewController.m in Sources */,
				04B0BB2A1BBB8453008DB740 /* main.m in Sources */,
			);
			runOnlyForDeploymentPostprocessing = 0;
		};
		04B0BB371BBB8454008DB740 /* Sources */ = {
			isa = PBXSourcesBuildPhase;
			buildActionMask = 2147483647;
			files = (
				04B0BB491BBB8454008DB740 /* TestfireTests.m in Sources */,
			);
			runOnlyForDeploymentPostprocessing = 0;
		};
/* End PBXSourcesBuildPhase section */

/* Begin PBXTargetDependency section */
		04B0BB411BBB8454008DB740 /* PBXTargetDependency */ = {
			isa = PBXTargetDependency;
			target = 04B0BB191BBB8453008DB740 /* Testfire */;
			targetProxy = 04B0BB401BBB8454008DB740 /* PBXContainerItemProxy */;
		};
/* End PBXTargetDependency section */

/* Begin PBXVariantGroup section */
		04B0BB261BBB8453008DB740 /* InfoPlist.strings */ = {
			isa = PBXVariantGroup;
			children = (
				04B0BB271BBB8453008DB740 /* en */,
			);
			name = InfoPlist.strings;
			sourceTree = "<group>";
		};
		04B0BB2F1BBB8453008DB740 /* Main.storyboard */ = {
			isa = PBXVariantGroup;
			children = (
				04B0BB301BBB8453008DB740 /* Base */,
			);
			name = Main.storyboard;
			sourceTree = "<group>";
		};
		04B0BB451BBB8454008DB740 /* InfoPlist.strings */ = {
			isa = PBXVariantGroup;
			children = (
				04B0BB461BBB8454008DB740 /* en */,
			);
			name = InfoPlist.strings;
			sourceTree = "<group>";
		};
/* End PBXVariantGroup section */

/* Begin XCBuildConfiguration section */
		04B0BB4A1BBB8454008DB740 /* Debug */ = {
			isa = XCBuildConfiguration;
			buildSettings = {
				ALWAYS_SEARCH_USER_PATHS = NO;
				CLANG_CXX_LANGUAGE_STANDARD = "gnu++0x";
				CLANG_CXX_LIBRARY = "libc++";
				CLANG_ENABLE_MODULES = YES;
				CLANG_ENABLE_OBJC_ARC = YES;
				CLANG_WARN_BOOL_CONVERSION = YES;
				CLANG_WARN_CONSTANT_CONVERSION = YES;
				CLANG_WARN_DIRECT_OBJC_ISA_USAGE = YES_ERROR;
				CLANG_WARN_EMPTY_BODY = YES;
				CLANG_WARN_ENUM_CONVERSION = YES;
				CLANG_WARN_INT_CONVERSION = YES;
				CLANG_WARN_OBJC_ROOT_CLASS = YES_ERROR;
				CLANG_WARN__DUPLICATE_METHOD_MATCH = YES;
				"CODE_SIGN_IDENTITY[sdk=iphoneos*]" = "iPhone Developer";
				COPY_PHASE_STRIP = NO;
				GCC_C_LANGUAGE_STANDARD = gnu99;
				GCC_DYNAMIC_NO_PIC = NO;
				GCC_OPTIMIZATION_LEVEL = 0;
				GCC_PREPROCESSOR_DEFINITIONS = (
					"DEBUG=1",
					"$(inherited)",
				);
				GCC_SYMBOLS_PRIVATE_EXTERN = NO;
				GCC_WARN_64_TO_32_BIT_CONVERSION = YES;
				GCC_WARN_ABOUT_RETURN_TYPE = YES_ERROR;
				GCC_WARN_UNDECLARED_SELECTOR = YES;
				GCC_WARN_UNINITIALIZED_AUTOS = YES_AGGRESSIVE;
				GCC_WARN_UNUSED_FUNCTION = YES;
				GCC_WARN_UNUSED_VARIABLE = YES;
				IPHONEOS_DEPLOYMENT_TARGET = 7.1;
				ONLY_ACTIVE_ARCH = YES;
				SDKROOT = iphoneos;
			};
			name = Debug;
		};
		04B0BB4B1BBB8454008DB740 /* Release */ = {
			isa = XCBuildConfiguration;
			buildSettings = {
				ALWAYS_SEARCH_USER_PATHS = NO;
				CLANG_CXX_LANGUAGE_STANDARD = "gnu++0x";
				CLANG_CXX_LIBRARY = "libc++";
				CLANG_ENABLE_MODULES = YES;
				CLANG_ENABLE_OBJC_ARC = YES;
				CLANG_WARN_BOOL_CONVERSION = YES;
				CLANG_WARN_CONSTANT_CONVERSION = YES;
				CLANG_WARN_DIRECT_OBJC_ISA_USAGE = YES_ERROR;
				CLANG_WARN_EMPTY_BODY = YES;
				CLANG_WARN_ENUM_CONVERSION = YES;
				CLANG_WARN_INT_CONVERSION = YES;
				CLANG_WARN_OBJC_ROOT_CLASS = YES_ERROR;
				CLANG_WARN__DUPLICATE_METHOD_MATCH = YES;
				"CODE_SIGN_IDENTITY[sdk=iphoneos*]" = "iPhone Developer";
				COPY_PHASE_STRIP = YES;
				ENABLE_NS_ASSERTIONS = NO;
				GCC_C_LANGUAGE_STANDARD = gnu99;
				GCC_WARN_64_TO_32_BIT_CONVERSION = YES;
				GCC_WARN_ABOUT_RETURN_TYPE = YES_ERROR;
				GCC_WARN_UNDECLARED_SELECTOR = YES;
				GCC_WARN_UNINITIALIZED_AUTOS = YES_AGGRESSIVE;
				GCC_WARN_UNUSED_FUNCTION = YES;
				GCC_WARN_UNUSED_VARIABLE = YES;
				IPHONEOS_DEPLOYMENT_TARGET = 7.1;
				SDKROOT = iphoneos;
				VALIDATE_PRODUCT = YES;
			};
			name = Release;
		};
		04B0BB4D1BBB8454008DB740 /* Debug */ = {
			isa = XCBuildConfiguration;
			buildSettings = {
				ASSETCATALOG_COMPILER_APPICON_NAME = AppIcon;
				ASSETCATALOG_COMPILER_LAUNCHIMAGE_NAME = LaunchImage;
				GCC_PRECOMPILE_PREFIX_HEADER = YES;
				GCC_PREFIX_HEADER = "Testfire/Testfire-Prefix.pch";
				INFOPLIST_FILE = "Testfire/Testfire-Info.plist";
				PRODUCT_NAME = "$(TARGET_NAME)";
				WRAPPER_EXTENSION = app;
			};
			name = Debug;
		};
		04B0BB4E1BBB8454008DB740 /* Release */ = {
			isa = XCBuildConfiguration;
			buildSettings = {
				ASSETCATALOG_COMPILER_APPICON_NAME = AppIcon;
				ASSETCATALOG_COMPILER_LAUNCHIMAGE_NAME = LaunchImage;
				GCC_PRECOMPILE_PREFIX_HEADER = YES;
				GCC_PREFIX_HEADER = "Testfire/Testfire-Prefix.pch";
				INFOPLIST_FILE = "Testfire/Testfire-Info.plist";
				PRODUCT_NAME = "$(TARGET_NAME)";
				WRAPPER_EXTENSION = app;
			};
			name = Release;
		};
		04B0BB501BBB8454008DB740 /* Debug */ = {
			isa = XCBuildConfiguration;
			buildSettings = {
				BUNDLE_LOADER = "$(BUILT_PRODUCTS_DIR)/Testfire.app/Testfire";
				FRAMEWORK_SEARCH_PATHS = (
					"$(SDKROOT)/Developer/Library/Frameworks",
					"$(inherited)",
					"$(DEVELOPER_FRAMEWORKS_DIR)",
				);
				GCC_PRECOMPILE_PREFIX_HEADER = YES;
				GCC_PREFIX_HEADER = "Testfire/Testfire-Prefix.pch";
				GCC_PREPROCESSOR_DEFINITIONS = (
					"DEBUG=1",
					"$(inherited)",
				);
				INFOPLIST_FILE = "TestfireTests/TestfireTests-Info.plist";
				PRODUCT_NAME = "$(TARGET_NAME)";
				TEST_HOST = "$(BUNDLE_LOADER)";
				WRAPPER_EXTENSION = xctest;
			};
			name = Debug;
		};
		04B0BB511BBB8454008DB740 /* Release */ = {
			isa = XCBuildConfiguration;
			buildSettings = {
				BUNDLE_LOADER = "$(BUILT_PRODUCTS_DIR)/Testfire.app/Testfire";
				FRAMEWORK_SEARCH_PATHS = (
					"$(SDKROOT)/Developer/Library/Frameworks",
					"$(inherited)",
					"$(DEVELOPER_FRAMEWORKS_DIR)",
				);
				GCC_PRECOMPILE_PREFIX_HEADER = YES;
				GCC_PREFIX_HEADER = "Testfire/Testfire-Prefix.pch";
				INFOPLIST_FILE = "TestfireTests/TestfireTests-Info.plist";
				PRODUCT_NAME = "$(TARGET_NAME)";
				TEST_HOST = "$(BUNDLE_LOADER)";
				WRAPPER_EXTENSION = xctest;
			};
			name = Release;
		};
/* End XCBuildConfiguration section */

/* Begin XCConfigurationList section */
		04B0BB151BBB8453008DB740 /* Build configuration list for PBXProject "Testfire" */ = {
			isa = XCConfigurationList;
			buildConfigurations = (
				04B0BB4A1BBB8454008DB740 /* Debug */,
				04B0BB4B1BBB8454008DB740 /* Release */,
			);
			defaultConfigurationIsVisible = 0;
			defaultConfigurationName = Release;
		};
		04B0BB4C1BBB8454008DB740 /* Build configuration list for PBXNativeTarget "Testfire" */ = {
			isa = XCConfigurationList;
			buildConfigurations = (
				04B0BB4D1BBB8454008DB740 /* Debug */,
				04B0BB4E1BBB8454008DB740 /* Release */,
			);
			defaultConfigurationIsVisible = 0;
		};
		04B0BB4F1BBB8454008DB740 /* Build configuration list for PBXNativeTarget "TestfireTests" */ = {
			isa = XCConfigurationList;
			buildConfigurations = (
				04B0BB501BBB8454008DB740 /* Debug */,
				04B0BB511BBB8454008DB740 /* Release */,
			);
			defaultConfigurationIsVisible = 0;
		};
/* End XCConfigurationList section */
	};
	rootObject = 04B0BB121BBB8453008DB740 /* Project object */;
}
